
Microsoft Visual Studio Solution File, Format Version 12.00
# Visual Studio Version 16
VisualStudioVersion = 16.0.29418.71
MinimumVisualStudioVersion = 10.0.40219.1
Project("{FAE04EC0-301F-11D3-BF4B-00C04F79EFBC}") = "EvPT-Tactics", "EvPT-Tactics\EvPT-Tactics.csproj", "{EA69C6FF-6C2D-43FD-BB87-A3012622D426}"
EndProject
Global
	GlobalSection(SolutionConfigurationPlatforms) = preSolution
		Debug|Any CPU = Debug|Any CPU
		Release|Any CPU = Release|Any CPU
	EndGlobalSection
	GlobalSection(ProjectConfigurationPlatforms) = postSolution
		{EA69C6FF-6C2D-43FD-BB87-A3012622D426}.Debug|Any CPU.ActiveCfg = Debug|Any CPU
		{EA69C6FF-6C2D-43FD-BB87-A3012622D426}.Debug|Any CPU.Build.0 = Debug|Any CPU
		{EA69C6FF-6C2D-43FD-BB87-A3012622D426}.Release|Any CPU.ActiveCfg = Release|Any CPU
		{EA69C6FF-6C2D-43FD-BB87-A3012622D426}.Release|Any CPU.Build.0 = Release|Any CPU
	EndGlobalSection
	GlobalSection(SolutionProperties) = preSolution
		HideSolutionNode = FALSE
	EndGlobalSection
	GlobalSection(ExtensibilityGlobals) = postSolution
		SolutionGuid = {B62D1088-C0A2-4D2A-A151-102D49F9903D}
	EndGlobalSection
EndGlobal
